github.com/boostgo/appx v1.0.0 h1:zExJ0EhuZBz5JR+zhV03j9xlpXUjKjAqjYXVOp6lviY=
github.com/boostgo/appx v1.0.0/go.mod h1:EmfEHHsJYleS2zJdXPTF38y5By1kdPG+1pei18Ypea0=
github.com/boostgo/collection v1.0.1 h1:5ZoNbM3Ls7Utt1wbFM4Aek6alwO6Vkfk4aHivHlFhz8=
github.com/boostgo/collection v1.0.1/go.mod h1:pmRMjz01z9AsskSAwdZyR4RVEAJgjAx3kuIcBLTIahQ=
github.com/boostgo/contextx v1.0.1 h1:xDK9/lealQl67mI4gBD7Uix5Pn1d8y1C2mQT/er5rEc=
github.com/boostgo/contextx v1.0.1/go.mod h1:Yn/Z+LvAPX6wuCaIs2tL/FXkLni+zzLmw1tHwJDTodY=
github.com/boostgo/convert v1.0.2 h1:Auzut+PupfR5K2Njpd7qL6ZaXxEI5/iBrxyXThpRgkM=
github.com/boostgo/convert v1.0.2/go.mod h1:KVjvc+yiCbfbIbJpzYOVJ1VPaa2ayPcT6wwD3QggSeI=
github.com/boostgo/errorx v1.0.2 h1:qPfy1JapMkUuhOMawSCKHW+1Qz4QGnSs0OExx9xJ/K0=
github.com/boostgo/errorx v1.0.2/go.mod h1:Sn0i3MVdlCUa3CrB2iie4a/RiKMlIavOSEV0Xz+R/GU=
github.com/boostgo/log v1.0.0 h1:6+ox4tl4MqlAPMnZk2QMcoNct4nxoREXZ8ZdpZhYOPc=
github.com/boostgo/log v1.0.0/go.mod h1:3cy1UmnNg1CTEeoebiqwaR040JKVM5nfmQYCNAJEKpM=
github.com/boostgo/storage v1.0.1 h1:eRMkY+9C5pzRnMeErjlpaz+TJHWwGZ7w1veYWJR1wK4=
github.com/boostgo/storage v1.0.1/go.mod h1:fW1x18QnT2AYm3f5UJ0mxb3OoioV/JElYLfBuS08Kk4=
github.com/boostgo/trace v1.0.0 h1:r4O+UPUAFC9xrPJzPC0H4EtBNyQint2efL2kPNPqpl8=
github.com/boostgo/trace v1.0.0/go.mod h1:AS1YQWh+caTAX2EGGELgf1Es21RG/+r0MkMmXyfgLGY=
github.com/bsm/ginkgo/v2 v2.12.0 h1:Ny8MWAHyOepLGlLKYmXG4IEkioBysk6GpaRTLC8zwWs=
github.com/bsm/ginkgo/v2 v2.12.0/go.mod h1:SwYbGRRDovPVboqFv0tPTcG1sN61LM1Z4ARdbAV9g4c=
github.com/bsm/gomega v1.27.10 h1:yeMWxP2pV2fG3FgAODIY8EiRE3dy0aeFYt4l7wh6yKA=
github.com/bsm/gomega v1.27.10/go.mod h1:JyEr/xRbxbtgWNi8tIEVPUYZ5Dzef52k01W3YH0H+O0=
github.com/cespare/xxhash/v2 v2.2.0 h1:DC2CZ1Ep5Y4k3ZQ899DldepgrayRUGE6BBZ/cd9Cj44=
github.com/cespare/xxhash/v2 v2.2.0/go.mod h1:VGX0DQ3Q6kWi7AoAeZDth3/j3BFtOZR5XLFGgcrjCOs=
github.com/coreos/go-systemd/v22 v22.5.0/go.mod h1:Y58oyj3AT4RCenI/lSvhwexgC+NSVTIJ3seZv2GcEnc=
github.com/dgryski/go-rendezvous v0.0.0-20200823014737-9f7001d12a5f h1:lO4WD4F/rVNCu3HqELle0jiPLLBs70cWOduZpkS1E78=
github.com/dgryski/go-rendezvous v0.0.0-20200823014737-9f7001d12a5f/go.mod h1:cuUVRXasLTGF7a8hSLbxyZXjz+1KgoB3wDUb6vlszIc=
github.com/godbus/dbus/v5 v5.0.4/go.mod h1:xhWf0FNVPg57R7Z0UbKHbJfkEywrmjJnf7w5xrFpKfA=
github.com/google/uuid v1.6.0 h1:NIvaJDMOsjHA8n1jAhLSgzrAzy1Hgr+hNrb57e+94F0=
github.com/google/uuid v1.6.0/go.mod h1:TIyPZe4MgqvfeYDBFedMoGGpEw/LqOeaOT+nhxU+yHo=
github.com/mattn/go-colorable v0.1.13 h1:fFA4WZxdEF4tXPZVKMLwD8oUnCTTo08duU7wxecdEvA=
github.com/mattn/go-colorable v0.1.13/go.mod h1:7S9/ev0klgBDR4GtXTXX8a3vIGJpMovkB8vQcUbaXHg=
github.com/mattn/go-isatty v0.0.16/go.mod h1:kYGgaQfpe5nmfYZH+SKPsOc2e4SrIfOl2e/yFXSvRLM=
github.com/mattn/go-isatty v0.0.19 h1:JITubQf0MOLdlGRuRq+jtsDlekdYPia9ZFsB8h/APPA=
github.com/mattn/go-isatty v0.0.19/go.mod h1:W+V8PltTTMOvKvAeJH7IuucS94S2C6jfK/D7dTCTo3Y=
github.com/pkg/errors v0.9.1/go.mod h1:bwawxfHBFNV+L2hUp1rHADufV3IMtnDRdf1r5NINEl0=
github.com/redis/go-redis/v9 v9.7.3 h1:YpPyAayJV+XErNsatSElgRZZVCwXX9QzkKYNvO7x0wM=
github.com/redis/go-redis/v9 v9.7.3/go.mod h1:bGUrSggJ9X9GUmZpZNEOQKaANxSGgOEBRltRTZHSvrA=
github.com/rs/xid v1.6.0/go.mod h1:7XoLgs4eV+QndskICGsho+ADou8ySMSjJKDIan90Nz0=
github.com/rs/zerolog v1.34.0 h1:k43nTLIwcTVQAncfCw4KZ2VY6ukYoZaBPNOE8txlOeY=
github.com/rs/zerolog v1.34.0/go.mod h1:bJsvje4Z08ROH4Nhs5iH600c3IkWhwp44iRc54W6wYQ=
golang.org/x/sync v0.12.0 h1:MHc5BpPuC30uJk597Ri8TV3CNZcTLu6B6z4lJy+g6Jw=
golang.org/x/sync v0.12.0/go.mod h1:1dzgHSNfp02xaA81J2MS99Qcpr2w7fw1gpm99rleRqA=
golang.org/x/sys v0.0.0-20220811171246-fbc7d0a398ab/go.mod h1:oPkhp1MJrh7nUepCBck5+mAzfO9JrbApNNgaTdGDITg=
golang.org/x/sys v0.6.0/go.mod h1:oPkhp1MJrh7nUepCBck5+mAzfO9JrbApNNgaTdGDITg=
golang.org/x/sys v0.12.0/go.mod h1:oPkhp1MJrh7nUepCBck5+mAzfO9JrbApNNgaTdGDITg=
golang.org/x/sys v0.28.0 h1:Fksou7UEQUWlKvIdsqzJmUmCX3cZuD2+P3XyyzwMhlA=
golang.org/x/sys v0.28.0/go.mod h1:/VUhepiaJMQUp4+oa/7Zr1D23ma6VTLIYjOOTFZPUcA=
